
Microsoft Visual Studio Solution File, Format Version 12.00
# Visual Studio Version 16
VisualStudioVersion = 16.0.30413.136
MinimumVisualStudioVersion = 10.0.40219.1
Project("{8BC9CEB8-8B4A-11D0-8D11-00A0C91BC942}") = "Vs_Github", "Vs_Github\Vs_Github.vcxproj", "{27047A65-2CCE-41D1-9B33-D5FC855C2C2A}"
EndProject
Global
	GlobalSection(SolutionConfigurationPlatforms) = preSolution
		Debug|x64 = Debug|x64
		Debug|x86 = Debug|x86
		Release|x64 = Release|x64
		Release|x86 = Release|x86
	EndGlobalSection
	GlobalSection(ProjectConfigurationPlatforms) = postSolution
		{27047A65-2CCE-41D1-9B33-D5FC855C2C2A}.Debug|x64.ActiveCfg = Debug|x64
		{27047A65-2CCE-41D1-9B33-D5FC855C2C2A}.Debug|x64.Build.0 = Debug|x64
		{27047A65-2CCE-41D1-9B33-D5FC855C2C2A}.Debug|x86.ActiveCfg = Debug|Win32
		{27047A65-2CCE-41D1-9B33-D5FC855C2C2A}.Debug|x86.Build.0 = Debug|Win32
		{27047A65-2CCE-41D1-9B33-D5FC855C2C2A}.Release|x64.ActiveCfg = Release|x64
		{27047A65-2CCE-41D1-9B33-D5FC855C2C2A}.Release|x64.Build.0 = Release|x64
		{27047A65-2CCE-41D1-9B33-D5FC855C2C2A}.Release|x86.ActiveCfg = Release|Win32
		{27047A65-2CCE-41D1-9B33-D5FC855C2C2A}.Release|x86.Build.0 = Release|Win32
	EndGlobalSection
	GlobalSection(SolutionProperties) = preSolution
		HideSolutionNode = FALSE
	EndGlobalSection
	GlobalSection(ExtensibilityGlobals) = postSolution
		SolutionGuid = {94ECA73F-83CE-435F-A4E4-552A6502BE6F}
	EndGlobalSection
EndGlobal
